// !$*UTF8*$!
{
	archiveVersion = 1;
	classes = {
	};
	objectVersion = 46;
	objects = {

/* Begin PBXBuildFile section */
		250C826F16197A1100EE933B /* pause.png in Resources */ = {isa = PBXBuildFile; fileRef = 250C826E16197A1100EE933B /* pause.png */; };
		252F24C2161984D6001B3EDB /* pause@2x.png in Resources */ = {isa = PBXBuildFile; fileRef = 252F24C0161984D6001B3EDB /* pause@2x.png */; };
		252F24CA1619998B001B3EDB /* start.png in Resources */ = {isa = PBXBuildFile; fileRef = 252F24C81619998B001B3EDB /* start.png */; };
		252F24CB1619998B001B3EDB /* start@2x.png in Resources */ = {isa = PBXBuildFile; fileRef = 252F24C91619998B001B3EDB /* start@2x.png */; };
		252F24CD16199BB1001B3EDB /* Default.png in Resources */ = {isa = PBXBuildFile; fileRef = 252F24CC16199BB1001B3EDB /* Default.png */; };
		252F24CF16199BBD001B3EDB /* Default@2x.png in Resources */ = {isa = PBXBuildFile; fileRef = 252F24CE16199BBD001B3EDB /* Default@2x.png */; };
		254381DD161CD34C0071A415 /* bitfont.TTF in Resources */ = {isa = PBXBuildFile; fileRef = 254381DB161CCE670071A415 /* bitfont.TTF */; };
		254381E0161CE02B0071A415 /* InfoViewController.m in Sources */ = {isa = PBXBuildFile; fileRef = 254381DF161CE02B0071A415 /* InfoViewController.m */; };
		254381E3161CE4B50071A415 /* back.png in Resources */ = {isa = PBXBuildFile; fileRef = 254381E1161CE4B50071A415 /* back.png */; };
		254381E4161CE4B50071A415 /* back@2x.png in Resources */ = {isa = PBXBuildFile; fileRef = 254381E2161CE4B50071A415 /* back@2x.png */; };
		2563580A15F80FDC00CA812E /* UIKit.framework in Frameworks */ = {isa = PBXBuildFile; fileRef = 2563580915F80FDC00CA812E /* UIKit.framework */; };
		2563580C15F80FDC00CA812E /* Foundation.framework in Frameworks */ = {isa = PBXBuildFile; fileRef = 2563580B15F80FDC00CA812E /* Foundation.framework */; };
		2563580E15F80FDC00CA812E /* CoreGraphics.framework in Frameworks */ = {isa = PBXBuildFile; fileRef = 2563580D15F80FDC00CA812E /* CoreGraphics.framework */; };
		2563581415F80FDC00CA812E /* InfoPlist.strings in Resources */ = {isa = PBXBuildFile; fileRef = 2563581215F80FDC00CA812E /* InfoPlist.strings */; };
		2563581615F80FDC00CA812E /* main.m in Sources */ = {isa = PBXBuildFile; fileRef = 2563581515F80FDC00CA812E /* main.m */; };
		2563581A15F80FDC00CA812E /* AppDelegate.m in Sources */ = {isa = PBXBuildFile; fileRef = 2563581915F80FDC00CA812E /* AppDelegate.m */; };
		2563582515F8112A00CA812E /* Column.m in Sources */ = {isa = PBXBuildFile; fileRef = 2563582415F8112A00CA812E /* Column.m */; };
		2563582B15F8156C00CA812E /* Cell.m in Sources */ = {isa = PBXBuildFile; fileRef = 2563582A15F8156C00CA812E /* Cell.m */; };
		2563582E15F8167200CA812E /* CoreMotion.framework in Frameworks */ = {isa = PBXBuildFile; fileRef = 2563582C15F8167200CA812E /* CoreMotion.framework */; };
		2563582F15F8167200CA812E /* QuartzCore.framework in Frameworks */ = {isa = PBXBuildFile; fileRef = 2563582D15F8167200CA812E /* QuartzCore.framework */; };
		2563583215F81FA000CA812E /* GameBoardView.m in Sources */ = {isa = PBXBuildFile; fileRef = 2563583115F81FA000CA812E /* GameBoardView.m */; };
		2563583515F83A9600CA812E /* GameViewController.m in Sources */ = {isa = PBXBuildFile; fileRef = 2563583415F83A9500CA812E /* GameViewController.m */; };
		2563584115F98F2C00CA812E /* Icon.png in Resources */ = {isa = PBXBuildFile; fileRef = 2563584015F98F2C00CA812E /* Icon.png */; };
		2563584315F98F3000CA812E /* Icon@2x.png in Resources */ = {isa = PBXBuildFile; fileRef = 2563584215F98F3000CA812E /* Icon@2x.png */; };
		2563584B15F9936200CA812E /* TrifectaViewController.m in Sources */ = {isa = PBXBuildFile; fileRef = 2563584915F9936100CA812E /* TrifectaViewController.m */; };
		2563584C15F9936200CA812E /* TrifectaViewController.xib in Resources */ = {isa = PBXBuildFile; fileRef = 2563584A15F9936100CA812E /* TrifectaViewController.xib */; };
		25D5A4C7161C3C6600D0B13B /* hex.png in Resources */ = {isa = PBXBuildFile; fileRef = 25D5A4C6161C3C6600D0B13B /* hex.png */; };
/* End PBXBuildFile section */

/* Begin PBXFileReference section */
		250C826E16197A1100EE933B /* pause.png */ = {isa = PBXFileReference; lastKnownFileType = image.png; name = pause.png; path = Trifecta/pause.png; sourceTree = "<group>"; };
		252F24C0161984D6001B3EDB /* pause@2x.png */ = {isa = PBXFileReference; lastKnownFileType = image.png; name = "pause@2x.png"; path = "Trifecta/pause@2x.png"; sourceTree = "<group>"; };
		252F24C81619998B001B3EDB /* start.png */ = {isa = PBXFileReference; lastKnownFileType = image.png; name = start.png; path = Trifecta/start.png; sourceTree = "<group>"; };
		252F24C91619998B001B3EDB /* start@2x.png */ = {isa = PBXFileReference; lastKnownFileType = image.png; name = "start@2x.png"; path = "Trifecta/start@2x.png"; sourceTree = "<group>"; };
		252F24CC16199BB1001B3EDB /* Default.png */ = {isa = PBXFileReference; lastKnownFileType = image.png; path = Default.png; sourceTree = "<group>"; };
		252F24CE16199BBD001B3EDB /* Default@2x.png */ = {isa = PBXFileReference; lastKnownFileType = image.png; path = "Default@2x.png"; sourceTree = "<group>"; };
		254381DB161CCE670071A415 /* bitfont.TTF */ = {isa = PBXFileReference; lastKnownFileType = file; path = bitfont.TTF; sourceTree = "<group>"; };
		254381DE161CE02B0071A415 /* InfoViewController.h */ = {isa = PBXFileReference; fileEncoding = 4; lastKnownFileType = sourcecode.c.h; path = InfoViewController.h; sourceTree = "<group>"; };
		254381DF161CE02B0071A415 /* InfoViewController.m */ = {isa = PBXFileReference; fileEncoding = 4; lastKnownFileType = sourcecode.c.objc; path = InfoViewController.m; sourceTree = "<group>"; };
		254381E1161CE4B50071A415 /* back.png */ = {isa = PBXFileReference; lastKnownFileType = image.png; name = back.png; path = Trifecta/back.png; sourceTree = "<group>"; };
		254381E2161CE4B50071A415 /* back@2x.png */ = {isa = PBXFileReference; lastKnownFileType = image.png; name = "back@2x.png"; path = "Trifecta/back@2x.png"; sourceTree = "<group>"; };
		2563580515F80FDC00CA812E /* Trifecta.app */ = {isa = PBXFileReference; explicitFileType = wrapper.application; includeInIndex = 0; path = Trifecta.app; sourceTree = BUILT_PRODUCTS_DIR; };
		2563580915F80FDC00CA812E /* UIKit.framework */ = {isa = PBXFileReference; lastKnownFileType = wrapper.framework; name = UIKit.framework; path = System/Library/Frameworks/UIKit.framework; sourceTree = SDKROOT; };
		2563580B15F80FDC00CA812E /* Foundation.framework */ = {isa = PBXFileReference; lastKnownFileType = wrapper.framework; name = Foundation.framework; path = System/Library/Frameworks/Foundation.framework; sourceTree = SDKROOT; };
		2563580D15F80FDC00CA812E /* CoreGraphics.framework */ = {isa = PBXFileReference; lastKnownFileType = wrapper.framework; name = CoreGraphics.framework; path = System/Library/Frameworks/CoreGraphics.framework; sourceTree = SDKROOT; };
		2563581115F80FDC00CA812E /* Trifecta-Info.plist */ = {isa = PBXFileReference; lastKnownFileType = text.plist.xml; path = "Trifecta-Info.plist"; sourceTree = "<group>"; };
		2563581315F80FDC00CA812E /* en */ = {isa = PBXFileReference; lastKnownFileType = text.plist.strings; name = en; path = en.lproj/InfoPlist.strings; sourceTree = "<group>"; };
		2563581515F80FDC00CA812E /* main.m */ = {isa = PBXFileReference; lastKnownFileType = sourcecode.c.objc; path = main.m; sourceTree = "<group>"; };
		2563581715F80FDC00CA812E /* Trifecta-Prefix.pch */ = {isa = PBXFileReference; lastKnownFileType = sourcecode.c.h; path = "Trifecta-Prefix.pch"; sourceTree = "<group>"; };
		2563581815F80FDC00CA812E /* AppDelegate.h */ = {isa = PBXFileReference; lastKnownFileType = sourcecode.c.h; path = AppDelegate.h; sourceTree = "<group>"; };
		2563581915F80FDC00CA812E /* AppDelegate.m */ = {isa = PBXFileReference; lastKnownFileType = sourcecode.c.objc; path = AppDelegate.m; sourceTree = "<group>"; };
		2563582315F8112900CA812E /* Column.h */ = {isa = PBXFileReference; fileEncoding = 4; lastKnownFileType = sourcecode.c.h; path = Column.h; sourceTree = "<group>"; };
		2563582415F8112A00CA812E /* Column.m */ = {isa = PBXFileReference; fileEncoding = 4; lastKnownFileType = sourcecode.c.objc; path = Column.m; sourceTree = "<group>"; };
		2563582915F8156C00CA812E /* Cell.h */ = {isa = PBXFileReference; fileEncoding = 4; lastKnownFileType = sourcecode.c.h; path = Cell.h; sourceTree = "<group>"; };
		2563582A15F8156C00CA812E /* Cell.m */ = {isa = PBXFileReference; fileEncoding = 4; lastKnownFileType = sourcecode.c.objc; path = Cell.m; sourceTree = "<group>"; };
		2563582C15F8167200CA812E /* CoreMotion.framework */ = {isa = PBXFileReference; lastKnownFileType = wrapper.framework; name = CoreMotion.framework; path = System/Library/Frameworks/CoreMotion.framework; sourceTree = SDKROOT; };
		2563582D15F8167200CA812E /* QuartzCore.framework */ = {isa = PBXFileReference; lastKnownFileType = wrapper.framework; name = QuartzCore.framework; path = System/Library/Frameworks/QuartzCore.framework; sourceTree = SDKROOT; };
		2563583015F81F9F00CA812E /* GameBoardView.h */ = {isa = PBXFileReference; fileEncoding = 4; lastKnownFileType = sourcecode.c.h; path = GameBoardView.h; sourceTree = "<group>"; };
		2563583115F81FA000CA812E /* GameBoardView.m */ = {isa = PBXFileReference; fileEncoding = 4; lastKnownFileType = sourcecode.c.objc; path = GameBoardView.m; sourceTree = "<group>"; };
		2563583315F83A9500CA812E /* GameViewController.h */ = {isa = PBXFileReference; fileEncoding = 4; lastKnownFileType = sourcecode.c.h; path = GameViewController.h; sourceTree = "<group>"; };
		2563583415F83A9500CA812E /* GameViewController.m */ = {isa = PBXFileReference; fileEncoding = 4; lastKnownFileType = sourcecode.c.objc; path = GameViewController.m; sourceTree = "<group>"; };
		2563584015F98F2C00CA812E /* Icon.png */ = {isa = PBXFileReference; lastKnownFileType = image.png; path = Icon.png; sourceTree = "<group>"; };
		2563584215F98F3000CA812E /* Icon@2x.png */ = {isa = PBXFileReference; lastKnownFileType = image.png; path = "Icon@2x.png"; sourceTree = "<group>"; };
		2563584815F9936100CA812E /* TrifectaViewController.h */ = {isa = PBXFileReference; fileEncoding = 4; lastKnownFileType = sourcecode.c.h; path = TrifectaViewController.h; sourceTree = "<group>"; };
		2563584915F9936100CA812E /* TrifectaViewController.m */ = {isa = PBXFileReference; fileEncoding = 4; lastKnownFileType = sourcecode.c.objc; path = TrifectaViewController.m; sourceTree = "<group>"; };
		2563584A15F9936100CA812E /* TrifectaViewController.xib */ = {isa = PBXFileReference; fileEncoding = 4; lastKnownFileType = file.xib; path = TrifectaViewController.xib; sourceTree = "<group>"; };
		25D5A4C6161C3C6600D0B13B /* hex.png */ = {isa = PBXFileReference; lastKnownFileType = image.png; name = hex.png; path = Trifecta/hex.png; sourceTree = "<group>"; };
/* End PBXFileReference section */

/* Begin PBXFrameworksBuildPhase section */
		2563580215F80FDC00CA812E /* Frameworks */ = {
			isa = PBXFrameworksBuildPhase;
			buildActionMask = 2147483647;
			files = (
				2563582E15F8167200CA812E /* CoreMotion.framework in Frameworks */,
				2563582F15F8167200CA812E /* QuartzCore.framework in Frameworks */,
				2563580A15F80FDC00CA812E /* UIKit.framework in Frameworks */,
				2563580C15F80FDC00CA812E /* Foundation.framework in Frameworks */,
				2563580E15F80FDC00CA812E /* CoreGraphics.framework in Frameworks */,
			);
			runOnlyForDeploymentPostprocessing = 0;
		};
/* End PBXFrameworksBuildPhase section */

/* Begin PBXGroup section */
		256357FA15F80FDC00CA812E = {
			isa = PBXGroup;
			children = (
				2563580F15F80FDC00CA812E /* Trifecta */,
				2563580815F80FDC00CA812E /* Frameworks */,
				2563580615F80FDC00CA812E /* Products */,
			);
			sourceTree = "<group>";
		};
		2563580615F80FDC00CA812E /* Products */ = {
			isa = PBXGroup;
			children = (
				2563580515F80FDC00CA812E /* Trifecta.app */,
			);
			name = Products;
			sourceTree = "<group>";
		};
		2563580815F80FDC00CA812E /* Frameworks */ = {
			isa = PBXGroup;
			children = (
				2563582C15F8167200CA812E /* CoreMotion.framework */,
				2563582D15F8167200CA812E /* QuartzCore.framework */,
				2563580915F80FDC00CA812E /* UIKit.framework */,
				2563580B15F80FDC00CA812E /* Foundation.framework */,
				2563580D15F80FDC00CA812E /* CoreGraphics.framework */,
			);
			name = Frameworks;
			sourceTree = "<group>";
		};
		2563580F15F80FDC00CA812E /* Trifecta */ = {
			isa = PBXGroup;
			children = (
				2563583315F83A9500CA812E /* GameViewController.h */,
				2563583415F83A9500CA812E /* GameViewController.m */,
				2563582915F8156C00CA812E /* Cell.h */,
				2563582A15F8156C00CA812E /* Cell.m */,
				2563582315F8112900CA812E /* Column.h */,
				2563582415F8112A00CA812E /* Column.m */,
				2563583015F81F9F00CA812E /* GameBoardView.h */,
				2563583115F81FA000CA812E /* GameBoardView.m */,
				2563584815F9936100CA812E /* TrifectaViewController.h */,
				2563584915F9936100CA812E /* TrifectaViewController.m */,
				2563584A15F9936100CA812E /* TrifectaViewController.xib */,
				254381DE161CE02B0071A415 /* InfoViewController.h */,
				254381DF161CE02B0071A415 /* InfoViewController.m */,
				2563581815F80FDC00CA812E /* AppDelegate.h */,
				2563581915F80FDC00CA812E /* AppDelegate.m */,
				2563584715F9933200CA812E /* images */,
				2563581015F80FDC00CA812E /* Supporting Files */,
			);
			path = Trifecta;
			sourceTree = "<group>";
		};
		2563581015F80FDC00CA812E /* Supporting Files */ = {
			isa = PBXGroup;
			children = (
				254381DB161CCE670071A415 /* bitfont.TTF */,
				2563581115F80FDC00CA812E /* Trifecta-Info.plist */,
				2563581215F80FDC00CA812E /* InfoPlist.strings */,
				2563581515F80FDC00CA812E /* main.m */,
				2563581715F80FDC00CA812E /* Trifecta-Prefix.pch */,
			);
			name = "Supporting Files";
			sourceTree = "<group>";
		};
		2563584715F9933200CA812E /* images */ = {
			isa = PBXGroup;
			children = (
				254381E1161CE4B50071A415 /* back.png */,
				254381E2161CE4B50071A415 /* back@2x.png */,
				25D5A4C6161C3C6600D0B13B /* hex.png */,
				252F24CE16199BBD001B3EDB /* Default@2x.png */,
				252F24CC16199BB1001B3EDB /* Default.png */,
				252F24C81619998B001B3EDB /* start.png */,
				252F24C91619998B001B3EDB /* start@2x.png */,
				252F24C0161984D6001B3EDB /* pause@2x.png */,
				250C826E16197A1100EE933B /* pause.png */,
				2563584215F98F3000CA812E /* Icon@2x.png */,
				2563584015F98F2C00CA812E /* Icon.png */,
			);
			name = images;
			path = ..;
			sourceTree = "<group>";
		};
/* End PBXGroup section */

/* Begin PBXNativeTarget section */
		2563580415F80FDC00CA812E /* Trifecta */ = {
			isa = PBXNativeTarget;
			buildConfigurationList = 2563581D15F80FDC00CA812E /* Build configuration list for PBXNativeTarget "Trifecta" */;
			buildPhases = (
				2563580115F80FDC00CA812E /* Sources */,
				2563580215F80FDC00CA812E /* Frameworks */,
				2563580315F80FDC00CA812E /* Resources */,
			);
			buildRules = (
			);
			dependencies = (
			);
			name = Trifecta;
			productName = Trifecta;
			productReference = 2563580515F80FDC00CA812E /* Trifecta.app */;
			productType = "com.apple.product-type.application";
		};
/* End PBXNativeTarget section */

/* Begin PBXProject section */
		256357FC15F80FDC00CA812E /* Project object */ = {
			isa = PBXProject;
			attributes = {
				LastUpgradeCheck = 0440;
				ORGANIZATIONNAME = "Ran Tao";
			};
			buildConfigurationList = 256357FF15F80FDC00CA812E /* Build configuration list for PBXProject "Trifecta" */;
			compatibilityVersion = "Xcode 3.2";
			developmentRegion = English;
			hasScannedForEncodings = 0;
			knownRegions = (
				en,
			);
			mainGroup = 256357FA15F80FDC00CA812E;
			productRefGroup = 2563580615F80FDC00CA812E /* Products */;
			projectDirPath = "";
			projectRoot = "";
			targets = (
				2563580415F80FDC00CA812E /* Trifecta */,
			);
		};
/* End PBXProject section */

/* Begin PBXResourcesBuildPhase section */
		2563580315F80FDC00CA812E /* Resources */ = {
			isa = PBXResourcesBuildPhase;
			buildActionMask = 2147483647;
			files = (
				254381DD161CD34C0071A415 /* bitfont.TTF in Resources */,
				2563581415F80FDC00CA812E /* InfoPlist.strings in Resources */,
				2563584115F98F2C00CA812E /* Icon.png in Resources */,
				2563584315F98F3000CA812E /* Icon@2x.png in Resources */,
				2563584C15F9936200CA812E /* TrifectaViewController.xib in Resources */,
				250C826F16197A1100EE933B /* pause.png in Resources */,
				252F24C2161984D6001B3EDB /* pause@2x.png in Resources */,
				252F24CA1619998B001B3EDB /* start.png in Resources */,
				252F24CB1619998B001B3EDB /* start@2x.png in Resources */,
				252F24CD16199BB1001B3EDB /* Default.png in Resources */,
				252F24CF16199BBD001B3EDB /* Default@2x.png in Resources */,
				25D5A4C7161C3C6600D0B13B /* hex.png in Resources */,
				254381E3161CE4B50071A415 /* back.png in Resources */,
				254381E4161CE4B50071A415 /* back@2x.png in Resources */,
			);
			runOnlyForDeploymentPostprocessing = 0;
		};
/* End PBXResourcesBuildPhase section */

/* Begin PBXSourcesBuildPhase section */
		2563580115F80FDC00CA812E /* Sources */ = {
			isa = PBXSourcesBuildPhase;
			buildActionMask = 2147483647;
			files = (
				2563581615F80FDC00CA812E /* main.m in Sources */,
				2563581A15F80FDC00CA812E /* AppDelegate.m in Sources */,
				2563582515F8112A00CA812E /* Column.m in Sources */,
				2563582B15F8156C00CA812E /* Cell.m in Sources */,
				2563583215F81FA000CA812E /* GameBoardView.m in Sources */,
				2563583515F83A9600CA812E /* GameViewController.m in Sources */,
				2563584B15F9936200CA812E /* TrifectaViewController.m in Sources */,
				254381E0161CE02B0071A415 /* InfoViewController.m in Sources */,
			);
			runOnlyForDeploymentPostprocessing = 0;
		};
/* End PBXSourcesBuildPhase section */

/* Begin PBXVariantGroup section */
		2563581215F80FDC00CA812E /* InfoPlist.strings */ = {
			isa = PBXVariantGroup;
			children = (
				2563581315F80FDC00CA812E /* en */,
			);
			name = InfoPlist.strings;
			sourceTree = "<group>";
		};
/* End PBXVariantGroup section */

/* Begin XCBuildConfiguration section */
		2563581B15F80FDC00CA812E /* Debug */ = {
			isa = XCBuildConfiguration;
			buildSettings = {
				ALWAYS_SEARCH_USER_PATHS = NO;
				ARCHS = "$(ARCHS_STANDARD_32_BIT)";
				CLANG_CXX_LANGUAGE_STANDARD = "gnu++0x";
				CLANG_ENABLE_OBJC_ARC = YES;
				CLANG_WARN__DUPLICATE_METHOD_MATCH = YES;
				"CODE_SIGN_IDENTITY[sdk=iphoneos*]" = "iPhone Developer";
				COPY_PHASE_STRIP = NO;
				GCC_C_LANGUAGE_STANDARD = gnu99;
				GCC_DYNAMIC_NO_PIC = NO;
				GCC_OPTIMIZATION_LEVEL = 0;
				GCC_PREPROCESSOR_DEFINITIONS = (
					"DEBUG=1",
					"$(inherited)",
				);
				GCC_SYMBOLS_PRIVATE_EXTERN = NO;
				GCC_VERSION = com.apple.compilers.llvm.clang.1_0;
				GCC_WARN_ABOUT_RETURN_TYPE = YES;
				GCC_WARN_UNINITIALIZED_AUTOS = YES;
				GCC_WARN_UNUSED_VARIABLE = YES;
				IPHONEOS_DEPLOYMENT_TARGET = 5.1;
				SDKROOT = iphoneos;
			};
			name = Debug;
		};
		2563581C15F80FDC00CA812E /* Release */ = {
			isa = XCBuildConfiguration;
			buildSettings = {
				ALWAYS_SEARCH_USER_PATHS = NO;
				ARCHS = "$(ARCHS_STANDARD_32_BIT)";
				CLANG_CXX_LANGUAGE_STANDARD = "gnu++0x";
				CLANG_ENABLE_OBJC_ARC = YES;
				CLANG_WARN__DUPLICATE_METHOD_MATCH = YES;
				"CODE_SIGN_IDENTITY[sdk=iphoneos*]" = "iPhone Developer";
				COPY_PHASE_STRIP = YES;
				GCC_C_LANGUAGE_STANDARD = gnu99;
				GCC_VERSION = com.apple.compilers.llvm.clang.1_0;
				GCC_WARN_ABOUT_RETURN_TYPE = YES;
				GCC_WARN_UNINITIALIZED_AUTOS = YES;
				GCC_WARN_UNUSED_VARIABLE = YES;
				IPHONEOS_DEPLOYMENT_TARGET = 5.1;
				OTHER_CFLAGS = "-DNS_BLOCK_ASSERTIONS=1";
				SDKROOT = iphoneos;
				VALIDATE_PRODUCT = YES;
			};
			name = Release;
		};
		2563581E15F80FDC00CA812E /* Debug */ = {
			isa = XCBuildConfiguration;
			buildSettings = {
				GCC_PRECOMPILE_PREFIX_HEADER = YES;
				GCC_PREFIX_HEADER = "Trifecta/Trifecta-Prefix.pch";
				INFOPLIST_FILE = "Trifecta/Trifecta-Info.plist";
				PRODUCT_NAME = "$(TARGET_NAME)";
				WRAPPER_EXTENSION = app;
			};
			name = Debug;
		};
		2563581F15F80FDC00CA812E /* Release */ = {
			isa = XCBuildConfiguration;
			buildSettings = {
				GCC_PRECOMPILE_PREFIX_HEADER = YES;
				GCC_PREFIX_HEADER = "Trifecta/Trifecta-Prefix.pch";
				INFOPLIST_FILE = "Trifecta/Trifecta-Info.plist";
				PRODUCT_NAME = "$(TARGET_NAME)";
				WRAPPER_EXTENSION = app;
			};
			name = Release;
		};
/* End XCBuildConfiguration section */

/* Begin XCConfigurationList section */
		256357FF15F80FDC00CA812E /* Build configuration list for PBXProject "Trifecta" */ = {
			isa = XCConfigurationList;
			buildConfigurations = (
				2563581B15F80FDC00CA812E /* Debug */,
				2563581C15F80FDC00CA812E /* Release */,
			);
			defaultConfigurationIsVisible = 0;
			defaultConfigurationName = Release;
		};
		2563581D15F80FDC00CA812E /* Build configuration list for PBXNativeTarget "Trifecta" */ = {
			isa = XCConfigurationList;
			buildConfigurations = (
				2563581E15F80FDC00CA812E /* Debug */,
				2563581F15F80FDC00CA812E /* Release */,
			);
			defaultConfigurationIsVisible = 0;
			defaultConfigurationName = Release;
		};
/* End XCConfigurationList section */
	};
	rootObject = 256357FC15F80FDC00CA812E /* Project object */;
}
